{
  "name": "svn-tool2",
  "version": "1.1.2",
  "lockfileVersion": 1,
  "requires": true,
  "dependencies": {
    "xml2js": {
      "version": "0.4.19",
      "resolved": "http://registry.npm.taobao.org/xml2js/download/xml2js-0.4.19.tgz",
      "requires": {
        "sax": "1.2.4",
        "xmlbuilder": "9.0.4"
      },
      "dependencies": {
        "sax": {
          "version": "1.2.4",
          "bundled": true
        },
        "xmlbuilder": {
          "version": "9.0.4",
          "bundled": true
        }
      }
    }
  }
}
